{
    "_meta": {
        "hash": {
            "sha256": "6ffc0de0a011939e0fec69b7090d83cb134471ae5240cb9da49b5f6b2dd17e69"
        },
        "pipfile-spec": 6,
        "requires": {
            "python_version": "3.9"
        },
        "sources": [
            {
                "name": "pypi",
                "url": "https://pypi.org/simple",
                "verify_ssl": true
            }
        ]
    },
    "default": {
        "certifi": {
            "hashes": [
                "sha256:84c85a9078b11105f04f3036a9482ae10e4621616db313fe045dd24743a0820d",
                "sha256:fe86415d55e84719d75f8b69414f6438ac3547d2078ab91b67e779ef69378412"
            ],
            "markers": "python_version >= '3.6'",
            "version": "==2022.6.15"
        },
        "elastic-transport": {
            "hashes": [
                "sha256:10914d0c5c268d9dcfee02cfbef861382d098309ba4eedab820062841bd214b3",
                "sha256:869f7d668fb7738776639053fc87499caacbd1bdc7819f0de8025ac0e6cb29ce"
            ],
            "markers": "python_version >= '3.6'",
            "version": "==8.1.2"
        },
        "elasticsearch": {
            "hashes": [
                "sha256:4aa00a668fa45bbb474295db4766dd6f6115e49286c11ebcabfaa5ffa7e063de",
                "sha256:bdf8a81ca3a9f9987e7bd7cd277a2679184e96499603d52842b3245de9d00db4"
            ],
            "index": "pypi",
            "version": "==8.3.3"
        },
        "urllib3": {
            "hashes": [
                "sha256:c33ccba33c819596124764c23a97d25f32b28433ba0dedeb77d873a38722c9bc",
                "sha256:ea6e8fb210b19d950fab93b60c9009226c63a28808bc8386e05301e25883ac0a"
            ],
            "markers": "python_version >= '2.7' and python_version not in '3.0, 3.1, 3.2, 3.3, 3.4, 3.5' and python_version < '4'",
            "version": "==1.26.11"
        }
    },
    "develop": {}
}
